
Microsoft Visual Studio Solution File, Format Version 12.00
# Visual Studio Version 17
VisualStudioVersion = 17.6.33723.286
MinimumVisualStudioVersion = 10.0.40219.1
Project("{FAE04EC0-301F-11D3-BF4B-00C04F79EFBC}") = "coffeApp", "coffeApp\coffeApp.csproj", "{12F1666C-3845-4F20-85D4-519A921E7255}"
EndProject
Global
	GlobalSection(SolutionConfigurationPlatforms) = preSolution
		Debug|Any CPU = Debug|Any CPU
		Release|Any CPU = Release|Any CPU
	EndGlobalSection
	GlobalSection(ProjectConfigurationPlatforms) = postSolution
		{12F1666C-3845-4F20-85D4-519A921E7255}.Debug|Any CPU.ActiveCfg = Debug|Any CPU
		{12F1666C-3845-4F20-85D4-519A921E7255}.Debug|Any CPU.Build.0 = Debug|Any CPU
		{12F1666C-3845-4F20-85D4-519A921E7255}.Release|Any CPU.ActiveCfg = Release|Any CPU
		{12F1666C-3845-4F20-85D4-519A921E7255}.Release|Any CPU.Build.0 = Release|Any CPU
	EndGlobalSection
	GlobalSection(SolutionProperties) = preSolution
		HideSolutionNode = FALSE
	EndGlobalSection
	GlobalSection(ExtensibilityGlobals) = postSolution
		SolutionGuid = {15AC24E6-8F88-4F15-9945-369EB970AE0A}
	EndGlobalSection
EndGlobal
